
Microsoft Visual Studio Solution File, Format Version 12.00
# Visual Studio Version 16
VisualStudioVersion = 16.0.30621.155
MinimumVisualStudioVersion = 10.0.40219.1
Project("{FAE04EC0-301F-11D3-BF4B-00C04F79EFBC}") = "Oreo", "Oreo\Oreo.csproj", "{1F887AF4-DDB8-4623-9C95-DFA02E00DD6D}"
EndProject
Global
	GlobalSection(SolutionConfigurationPlatforms) = preSolution
		Debug|Any CPU = Debug|Any CPU
		Release|Any CPU = Release|Any CPU
	EndGlobalSection
	GlobalSection(ProjectConfigurationPlatforms) = postSolution
		{1F887AF4-DDB8-4623-9C95-DFA02E00DD6D}.Debug|Any CPU.ActiveCfg = Debug|Any CPU
		{1F887AF4-DDB8-4623-9C95-DFA02E00DD6D}.Debug|Any CPU.Build.0 = Debug|Any CPU
		{1F887AF4-DDB8-4623-9C95-DFA02E00DD6D}.Release|Any CPU.ActiveCfg = Release|Any CPU
		{1F887AF4-DDB8-4623-9C95-DFA02E00DD6D}.Release|Any CPU.Build.0 = Release|Any CPU
	EndGlobalSection
	GlobalSection(SolutionProperties) = preSolution
		HideSolutionNode = FALSE
	EndGlobalSection
	GlobalSection(ExtensibilityGlobals) = postSolution
		SolutionGuid = {C6F32643-3CAE-4C34-9F5C-DE1718E72537}
	EndGlobalSection
EndGlobal
